// !$*UTF8*$!
{
	archiveVersion = 1;
	classes = {
	};
	objectVersion = 46;
	objects = {

/* Begin PBXBuildFile section */
		3F3C57CD19229C1B005D9A8B /* Foundation.framework in Frameworks */ = {isa = PBXBuildFile; fileRef = 3F3C57CC19229C1B005D9A8B /* Foundation.framework */; };
		3F3C57CF19229C1B005D9A8B /* CoreGraphics.framework in Frameworks */ = {isa = PBXBuildFile; fileRef = 3F3C57CE19229C1B005D9A8B /* CoreGraphics.framework */; };
		3F3C57D119229C1B005D9A8B /* UIKit.framework in Frameworks */ = {isa = PBXBuildFile; fileRef = 3F3C57D019229C1B005D9A8B /* UIKit.framework */; };
		3F3C57D719229C1B005D9A8B /* InfoPlist.strings in Resources */ = {isa = PBXBuildFile; fileRef = 3F3C57D519229C1B005D9A8B /* InfoPlist.strings */; };
		3F3C57D919229C1B005D9A8B /* main.m in Sources */ = {isa = PBXBuildFile; fileRef = 3F3C57D819229C1B005D9A8B /* main.m */; };
		3F3C57DD19229C1B005D9A8B /* AppDelegate.m in Sources */ = {isa = PBXBuildFile; fileRef = 3F3C57DC19229C1B005D9A8B /* AppDelegate.m */; };
		3F3C57DF19229C1B005D9A8B /* Images.xcassets in Resources */ = {isa = PBXBuildFile; fileRef = 3F3C57DE19229C1B005D9A8B /* Images.xcassets */; };
		3F3C57E619229C1B005D9A8B /* XCTest.framework in Frameworks */ = {isa = PBXBuildFile; fileRef = 3F3C57E519229C1B005D9A8B /* XCTest.framework */; };
		3F3C57E719229C1B005D9A8B /* Foundation.framework in Frameworks */ = {isa = PBXBuildFile; fileRef = 3F3C57CC19229C1B005D9A8B /* Foundation.framework */; };
		3F3C57E819229C1B005D9A8B /* UIKit.framework in Frameworks */ = {isa = PBXBuildFile; fileRef = 3F3C57D019229C1B005D9A8B /* UIKit.framework */; };
		3F3C57F019229C1B005D9A8B /* InfoPlist.strings in Resources */ = {isa = PBXBuildFile; fileRef = 3F3C57EE19229C1B005D9A8B /* InfoPlist.strings */; };
		3F3C57F219229C1B005D9A8B /* iOS8Tests.m in Sources */ = {isa = PBXBuildFile; fileRef = 3F3C57F119229C1B005D9A8B /* iOS8Tests.m */; };
		3F3C57FD19229DCB005D9A8B /* HomeVC.m in Sources */ = {isa = PBXBuildFile; fileRef = 3F3C57FC19229DCB005D9A8B /* HomeVC.m */; };
		3F3C58051922A062005D9A8B /* DemoCell.m in Sources */ = {isa = PBXBuildFile; fileRef = 3F3C58001922A062005D9A8B /* DemoCell.m */; };
		3F3C58061922A062005D9A8B /* DemoCollectionLayout.m in Sources */ = {isa = PBXBuildFile; fileRef = 3F3C58021922A062005D9A8B /* DemoCollectionLayout.m */; };
		3F3C58071922A062005D9A8B /* DemoCollectionVC.m in Sources */ = {isa = PBXBuildFile; fileRef = 3F3C58041922A062005D9A8B /* DemoCollectionVC.m */; };
		3F3C580E1922A391005D9A8B /* EmmaApp.m in Sources */ = {isa = PBXBuildFile; fileRef = 3F3C580D1922A391005D9A8B /* EmmaApp.m */; };
		3F3C58111922A6EF005D9A8B /* Emma.png in Resources */ = {isa = PBXBuildFile; fileRef = 3F3C58101922A6EF005D9A8B /* Emma.png */; };
		3F3C58171922B90D005D9A8B /* Background.png in Resources */ = {isa = PBXBuildFile; fileRef = 3F3C58141922B90D005D9A8B /* Background.png */; };
		3F3C58181922B90D005D9A8B /* Background1.png in Resources */ = {isa = PBXBuildFile; fileRef = 3F3C58151922B90D005D9A8B /* Background1.png */; };
		3F3C58191922B90D005D9A8B /* Background2.png in Resources */ = {isa = PBXBuildFile; fileRef = 3F3C58161922B90D005D9A8B /* Background2.png */; };
/* End PBXBuildFile section */

/* Begin PBXContainerItemProxy section */
		3F3C57E919229C1B005D9A8B /* PBXContainerItemProxy */ = {
			isa = PBXContainerItemProxy;
			containerPortal = 3F3C57C119229C1B005D9A8B /* Project object */;
			proxyType = 1;
			remoteGlobalIDString = 3F3C57C819229C1B005D9A8B;
			remoteInfo = iOS8;
		};
/* End PBXContainerItemProxy section */

/* Begin PBXFileReference section */
		3F3C57C919229C1B005D9A8B /* iOS8.app */ = {isa = PBXFileReference; explicitFileType = wrapper.application; includeInIndex = 0; path = iOS8.app; sourceTree = BUILT_PRODUCTS_DIR; };
		3F3C57CC19229C1B005D9A8B /* Foundation.framework */ = {isa = PBXFileReference; lastKnownFileType = wrapper.framework; name = Foundation.framework; path = System/Library/Frameworks/Foundation.framework; sourceTree = SDKROOT; };
		3F3C57CE19229C1B005D9A8B /* CoreGraphics.framework */ = {isa = PBXFileReference; lastKnownFileType = wrapper.framework; name = CoreGraphics.framework; path = System/Library/Frameworks/CoreGraphics.framework; sourceTree = SDKROOT; };
		3F3C57D019229C1B005D9A8B /* UIKit.framework */ = {isa = PBXFileReference; lastKnownFileType = wrapper.framework; name = UIKit.framework; path = System/Library/Frameworks/UIKit.framework; sourceTree = SDKROOT; };
		3F3C57D419229C1B005D9A8B /* iOS8-Info.plist */ = {isa = PBXFileReference; lastKnownFileType = text.plist.xml; path = "iOS8-Info.plist"; sourceTree = "<group>"; };
		3F3C57D619229C1B005D9A8B /* en */ = {isa = PBXFileReference; lastKnownFileType = text.plist.strings; name = en; path = en.lproj/InfoPlist.strings; sourceTree = "<group>"; };
		3F3C57D819229C1B005D9A8B /* main.m */ = {isa = PBXFileReference; lastKnownFileType = sourcecode.c.objc; path = main.m; sourceTree = "<group>"; };
		3F3C57DA19229C1B005D9A8B /* iOS8-Prefix.pch */ = {isa = PBXFileReference; lastKnownFileType = sourcecode.c.h; path = "iOS8-Prefix.pch"; sourceTree = "<group>"; };
		3F3C57DB19229C1B005D9A8B /* AppDelegate.h */ = {isa = PBXFileReference; lastKnownFileType = sourcecode.c.h; path = AppDelegate.h; sourceTree = "<group>"; };
		3F3C57DC19229C1B005D9A8B /* AppDelegate.m */ = {isa = PBXFileReference; lastKnownFileType = sourcecode.c.objc; path = AppDelegate.m; sourceTree = "<group>"; };
		3F3C57DE19229C1B005D9A8B /* Images.xcassets */ = {isa = PBXFileReference; lastKnownFileType = folder.assetcatalog; path = Images.xcassets; sourceTree = "<group>"; };
		3F3C57E419229C1B005D9A8B /* iOS8Tests.xctest */ = {isa = PBXFileReference; explicitFileType = wrapper.cfbundle; includeInIndex = 0; path = iOS8Tests.xctest; sourceTree = BUILT_PRODUCTS_DIR; };
		3F3C57E519229C1B005D9A8B /* XCTest.framework */ = {isa = PBXFileReference; lastKnownFileType = wrapper.framework; name = XCTest.framework; path = Library/Frameworks/XCTest.framework; sourceTree = DEVELOPER_DIR; };
		3F3C57ED19229C1B005D9A8B /* iOS8Tests-Info.plist */ = {isa = PBXFileReference; lastKnownFileType = text.plist.xml; path = "iOS8Tests-Info.plist"; sourceTree = "<group>"; };
		3F3C57EF19229C1B005D9A8B /* en */ = {isa = PBXFileReference; lastKnownFileType = text.plist.strings; name = en; path = en.lproj/InfoPlist.strings; sourceTree = "<group>"; };
		3F3C57F119229C1B005D9A8B /* iOS8Tests.m */ = {isa = PBXFileReference; lastKnownFileType = sourcecode.c.objc; path = iOS8Tests.m; sourceTree = "<group>"; };
		3F3C57FB19229DCB005D9A8B /* HomeVC.h */ = {isa = PBXFileReference; fileEncoding = 4; lastKnownFileType = sourcecode.c.h; name = HomeVC.h; path = Home/HomeVC.h; sourceTree = "<group>"; };
		3F3C57FC19229DCB005D9A8B /* HomeVC.m */ = {isa = PBXFileReference; fileEncoding = 4; lastKnownFileType = sourcecode.c.objc; name = HomeVC.m; path = Home/HomeVC.m; sourceTree = "<group>"; };
		3F3C57FF1922A062005D9A8B /* DemoCell.h */ = {isa = PBXFileReference; fileEncoding = 4; lastKnownFileType = sourcecode.c.h; lineEnding = 0; name = DemoCell.h; path = DemoDisplay/DemoCell.h; sourceTree = "<group>"; xcLanguageSpecificationIdentifier = xcode.lang.objcpp; };
		3F3C58001922A062005D9A8B /* DemoCell.m */ = {isa = PBXFileReference; fileEncoding = 4; lastKnownFileType = sourcecode.c.objc; lineEnding = 0; name = DemoCell.m; path = DemoDisplay/DemoCell.m; sourceTree = "<group>"; xcLanguageSpecificationIdentifier = xcode.lang.objc; };
		3F3C58011922A062005D9A8B /* DemoCollectionLayout.h */ = {isa = PBXFileReference; fileEncoding = 4; lastKnownFileType = sourcecode.c.h; lineEnding = 0; name = DemoCollectionLayout.h; path = DemoDisplay/DemoCollectionLayout.h; sourceTree = "<group>"; xcLanguageSpecificationIdentifier = xcode.lang.objcpp; };
		3F3C58021922A062005D9A8B /* DemoCollectionLayout.m */ = {isa = PBXFileReference; fileEncoding = 4; lastKnownFileType = sourcecode.c.objc; lineEnding = 0; name = DemoCollectionLayout.m; path = DemoDisplay/DemoCollectionLayout.m; sourceTree = "<group>"; xcLanguageSpecificationIdentifier = xcode.lang.objc; };
		3F3C58031922A062005D9A8B /* DemoCollectionVC.h */ = {isa = PBXFileReference; fileEncoding = 4; lastKnownFileType = sourcecode.c.h; lineEnding = 0; name = DemoCollectionVC.h; path = DemoDisplay/DemoCollectionVC.h; sourceTree = "<group>"; xcLanguageSpecificationIdentifier = xcode.lang.objcpp; };
		3F3C58041922A062005D9A8B /* DemoCollectionVC.m */ = {isa = PBXFileReference; fileEncoding = 4; lastKnownFileType = sourcecode.c.objc; name = DemoCollectionVC.m; path = DemoDisplay/DemoCollectionVC.m; sourceTree = "<group>"; };
		3F3C58091922A2BA005D9A8B /* DemoApp.h */ = {isa = PBXFileReference; lastKnownFileType = sourcecode.c.h; path = DemoApp.h; sourceTree = "<group>"; };
		3F3C580C1922A391005D9A8B /* EmmaApp.h */ = {isa = PBXFileReference; fileEncoding = 4; lastKnownFileType = sourcecode.c.h; name = EmmaApp.h; path = Demos/Emma/EmmaApp.h; sourceTree = "<group>"; };
		3F3C580D1922A391005D9A8B /* EmmaApp.m */ = {isa = PBXFileReference; fileEncoding = 4; lastKnownFileType = sourcecode.c.objc; name = EmmaApp.m; path = Demos/Emma/EmmaApp.m; sourceTree = "<group>"; };
		3F3C58101922A6EF005D9A8B /* Emma.png */ = {isa = PBXFileReference; lastKnownFileType = image.png; name = Emma.png; path = Demos/Emma/Media/Emma.png; sourceTree = "<group>"; };
		3F3C58121922ACAA005D9A8B /* Config.h */ = {isa = PBXFileReference; fileEncoding = 4; lastKnownFileType = sourcecode.c.h; path = Config.h; sourceTree = "<group>"; };
		3F3C58141922B90D005D9A8B /* Background.png */ = {isa = PBXFileReference; lastKnownFileType = image.png; name = Background.png; path = Media/Background.png; sourceTree = "<group>"; };
		3F3C58151922B90D005D9A8B /* Background1.png */ = {isa = PBXFileReference; lastKnownFileType = image.png; name = Background1.png; path = Media/Background1.png; sourceTree = "<group>"; };
		3F3C58161922B90D005D9A8B /* Background2.png */ = {isa = PBXFileReference; lastKnownFileType = image.png; name = Background2.png; path = Media/Background2.png; sourceTree = "<group>"; };
/* End PBXFileReference section */

/* Begin PBXFrameworksBuildPhase section */
		3F3C57C619229C1B005D9A8B /* Frameworks */ = {
			isa = PBXFrameworksBuildPhase;
			buildActionMask = 2147483647;
			files = (
				3F3C57CF19229C1B005D9A8B /* CoreGraphics.framework in Frameworks */,
				3F3C57D119229C1B005D9A8B /* UIKit.framework in Frameworks */,
				3F3C57CD19229C1B005D9A8B /* Foundation.framework in Frameworks */,
			);
			runOnlyForDeploymentPostprocessing = 0;
		};
		3F3C57E119229C1B005D9A8B /* Frameworks */ = {
			isa = PBXFrameworksBuildPhase;
			buildActionMask = 2147483647;
			files = (
				3F3C57E619229C1B005D9A8B /* XCTest.framework in Frameworks */,
				3F3C57E819229C1B005D9A8B /* UIKit.framework in Frameworks */,
				3F3C57E719229C1B005D9A8B /* Foundation.framework in Frameworks */,
			);
			runOnlyForDeploymentPostprocessing = 0;
		};
/* End PBXFrameworksBuildPhase section */

/* Begin PBXGroup section */
		3F3C57C019229C1B005D9A8B = {
			isa = PBXGroup;
			children = (
				3F3C57D219229C1B005D9A8B /* iOS8 */,
				3F3C57EB19229C1B005D9A8B /* iOS8Tests */,
				3F3C57CB19229C1B005D9A8B /* Frameworks */,
				3F3C57CA19229C1B005D9A8B /* Products */,
			);
			sourceTree = "<group>";
		};
		3F3C57CA19229C1B005D9A8B /* Products */ = {
			isa = PBXGroup;
			children = (
				3F3C57C919229C1B005D9A8B /* iOS8.app */,
				3F3C57E419229C1B005D9A8B /* iOS8Tests.xctest */,
			);
			name = Products;
			sourceTree = "<group>";
		};
		3F3C57CB19229C1B005D9A8B /* Frameworks */ = {
			isa = PBXGroup;
			children = (
				3F3C57CC19229C1B005D9A8B /* Foundation.framework */,
				3F3C57CE19229C1B005D9A8B /* CoreGraphics.framework */,
				3F3C57D019229C1B005D9A8B /* UIKit.framework */,
				3F3C57E519229C1B005D9A8B /* XCTest.framework */,
			);
			name = Frameworks;
			sourceTree = "<group>";
		};
		3F3C57D219229C1B005D9A8B /* iOS8 */ = {
			isa = PBXGroup;
			children = (
				3F3C58131922B903005D9A8B /* Media */,
				3F3C58121922ACAA005D9A8B /* Config.h */,
				3F3C580A1922A354005D9A8B /* Demo */,
				3F3C57FE19229ED9005D9A8B /* DemoDisplay */,
				3F3C57DB19229C1B005D9A8B /* AppDelegate.h */,
				3F3C57DC19229C1B005D9A8B /* AppDelegate.m */,
				3F3C57DE19229C1B005D9A8B /* Images.xcassets */,
				3F3C57D319229C1B005D9A8B /* Supporting Files */,
				3F3C57FB19229DCB005D9A8B /* HomeVC.h */,
				3F3C57FC19229DCB005D9A8B /* HomeVC.m */,
				3F3C58091922A2BA005D9A8B /* DemoApp.h */,
			);
			path = iOS8;
			sourceTree = "<group>";
		};
		3F3C57D319229C1B005D9A8B /* Supporting Files */ = {
			isa = PBXGroup;
			children = (
				3F3C57D419229C1B005D9A8B /* iOS8-Info.plist */,
				3F3C57D519229C1B005D9A8B /* InfoPlist.strings */,
				3F3C57D819229C1B005D9A8B /* main.m */,
				3F3C57DA19229C1B005D9A8B /* iOS8-Prefix.pch */,
			);
			name = "Supporting Files";
			sourceTree = "<group>";
		};
		3F3C57EB19229C1B005D9A8B /* iOS8Tests */ = {
			isa = PBXGroup;
			children = (
				3F3C57F119229C1B005D9A8B /* iOS8Tests.m */,
				3F3C57EC19229C1B005D9A8B /* Supporting Files */,
			);
			path = iOS8Tests;
			sourceTree = "<group>";
		};
		3F3C57EC19229C1B005D9A8B /* Supporting Files */ = {
			isa = PBXGroup;
			children = (
				3F3C57ED19229C1B005D9A8B /* iOS8Tests-Info.plist */,
				3F3C57EE19229C1B005D9A8B /* InfoPlist.strings */,
			);
			name = "Supporting Files";
			sourceTree = "<group>";
		};
		3F3C57FE19229ED9005D9A8B /* DemoDisplay */ = {
			isa = PBXGroup;
			children = (
				3F3C58081922A065005D9A8B /* Header */,
				3F3C58001922A062005D9A8B /* DemoCell.m */,
				3F3C58021922A062005D9A8B /* DemoCollectionLayout.m */,
				3F3C58041922A062005D9A8B /* DemoCollectionVC.m */,
			);
			name = DemoDisplay;
			sourceTree = "<group>";
		};
		3F3C58081922A065005D9A8B /* Header */ = {
			isa = PBXGroup;
			children = (
				3F3C57FF1922A062005D9A8B /* DemoCell.h */,
				3F3C58011922A062005D9A8B /* DemoCollectionLayout.h */,
				3F3C58031922A062005D9A8B /* DemoCollectionVC.h */,
			);
			name = Header;
			sourceTree = "<group>";
		};
		3F3C580A1922A354005D9A8B /* Demo */ = {
			isa = PBXGroup;
			children = (
				3F3C580B1922A372005D9A8B /* Emma */,
			);
			name = Demo;
			sourceTree = "<group>";
		};
		3F3C580B1922A372005D9A8B /* Emma */ = {
			isa = PBXGroup;
			children = (
				3F3C580F1922A6B7005D9A8B /* Media */,
				3F3C580C1922A391005D9A8B /* EmmaApp.h */,
				3F3C580D1922A391005D9A8B /* EmmaApp.m */,
			);
			name = Emma;
			sourceTree = "<group>";
		};
		3F3C580F1922A6B7005D9A8B /* Media */ = {
			isa = PBXGroup;
			children = (
				3F3C58101922A6EF005D9A8B /* Emma.png */,
			);
			name = Media;
			sourceTree = "<group>";
		};
		3F3C58131922B903005D9A8B /* Media */ = {
			isa = PBXGroup;
			children = (
				3F3C58141922B90D005D9A8B /* Background.png */,
				3F3C58151922B90D005D9A8B /* Background1.png */,
				3F3C58161922B90D005D9A8B /* Background2.png */,
			);
			name = Media;
			sourceTree = "<group>";
		};
/* End PBXGroup section */

/* Begin PBXNativeTarget section */
		3F3C57C819229C1B005D9A8B /* iOS8 */ = {
			isa = PBXNativeTarget;
			buildConfigurationList = 3F3C57F519229C1B005D9A8B /* Build configuration list for PBXNativeTarget "iOS8" */;
			buildPhases = (
				3F3C57C519229C1B005D9A8B /* Sources */,
				3F3C57C619229C1B005D9A8B /* Frameworks */,
				3F3C57C719229C1B005D9A8B /* Resources */,
			);
			buildRules = (
			);
			dependencies = (
			);
			name = iOS8;
			productName = iOS8;
			productReference = 3F3C57C919229C1B005D9A8B /* iOS8.app */;
			productType = "com.apple.product-type.application";
		};
		3F3C57E319229C1B005D9A8B /* iOS8Tests */ = {
			isa = PBXNativeTarget;
			buildConfigurationList = 3F3C57F819229C1B005D9A8B /* Build configuration list for PBXNativeTarget "iOS8Tests" */;
			buildPhases = (
				3F3C57E019229C1B005D9A8B /* Sources */,
				3F3C57E119229C1B005D9A8B /* Frameworks */,
				3F3C57E219229C1B005D9A8B /* Resources */,
			);
			buildRules = (
			);
			dependencies = (
				3F3C57EA19229C1B005D9A8B /* PBXTargetDependency */,
			);
			name = iOS8Tests;
			productName = iOS8Tests;
			productReference = 3F3C57E419229C1B005D9A8B /* iOS8Tests.xctest */;
			productType = "com.apple.product-type.bundle.unit-test";
		};
/* End PBXNativeTarget section */

/* Begin PBXProject section */
		3F3C57C119229C1B005D9A8B /* Project object */ = {
			isa = PBXProject;
			attributes = {
				LastUpgradeCheck = 0510;
				ORGANIZATIONNAME = "Emma Technologies, L.L.C.";
				TargetAttributes = {
					3F3C57E319229C1B005D9A8B = {
						TestTargetID = 3F3C57C819229C1B005D9A8B;
					};
				};
			};
			buildConfigurationList = 3F3C57C419229C1B005D9A8B /* Build configuration list for PBXProject "iOS8" */;
			compatibilityVersion = "Xcode 3.2";
			developmentRegion = English;
			hasScannedForEncodings = 0;
			knownRegions = (
				en,
			);
			mainGroup = 3F3C57C019229C1B005D9A8B;
			productRefGroup = 3F3C57CA19229C1B005D9A8B /* Products */;
			projectDirPath = "";
			projectRoot = "";
			targets = (
				3F3C57C819229C1B005D9A8B /* iOS8 */,
				3F3C57E319229C1B005D9A8B /* iOS8Tests */,
			);
		};
/* End PBXProject section */

/* Begin PBXResourcesBuildPhase section */
		3F3C57C719229C1B005D9A8B /* Resources */ = {
			isa = PBXResourcesBuildPhase;
			buildActionMask = 2147483647;
			files = (
				3F3C58191922B90D005D9A8B /* Background2.png in Resources */,
				3F3C58111922A6EF005D9A8B /* Emma.png in Resources */,
				3F3C58171922B90D005D9A8B /* Background.png in Resources */,
				3F3C57D719229C1B005D9A8B /* InfoPlist.strings in Resources */,
				3F3C57DF19229C1B005D9A8B /* Images.xcassets in Resources */,
				3F3C58181922B90D005D9A8B /* Background1.png in Resources */,
			);
			runOnlyForDeploymentPostprocessing = 0;
		};
		3F3C57E219229C1B005D9A8B /* Resources */ = {
			isa = PBXResourcesBuildPhase;
			buildActionMask = 2147483647;
			files = (
				3F3C57F019229C1B005D9A8B /* InfoPlist.strings in Resources */,
			);
			runOnlyForDeploymentPostprocessing = 0;
		};
/* End PBXResourcesBuildPhase section */

/* Begin PBXSourcesBuildPhase section */
		3F3C57C519229C1B005D9A8B /* Sources */ = {
			isa = PBXSourcesBuildPhase;
			buildActionMask = 2147483647;
			files = (
				3F3C57FD19229DCB005D9A8B /* HomeVC.m in Sources */,
				3F3C58071922A062005D9A8B /* DemoCollectionVC.m in Sources */,
				3F3C57DD19229C1B005D9A8B /* AppDelegate.m in Sources */,
				3F3C58051922A062005D9A8B /* DemoCell.m in Sources */,
				3F3C580E1922A391005D9A8B /* EmmaApp.m in Sources */,
				3F3C57D919229C1B005D9A8B /* main.m in Sources */,
				3F3C58061922A062005D9A8B /* DemoCollectionLayout.m in Sources */,
			);
			runOnlyForDeploymentPostprocessing = 0;
		};
		3F3C57E019229C1B005D9A8B /* Sources */ = {
			isa = PBXSourcesBuildPhase;
			buildActionMask = 2147483647;
			files = (
				3F3C57F219229C1B005D9A8B /* iOS8Tests.m in Sources */,
			);
			runOnlyForDeploymentPostprocessing = 0;
		};
/* End PBXSourcesBuildPhase section */

/* Begin PBXTargetDependency section */
		3F3C57EA19229C1B005D9A8B /* PBXTargetDependency */ = {
			isa = PBXTargetDependency;
			target = 3F3C57C819229C1B005D9A8B /* iOS8 */;
			targetProxy = 3F3C57E919229C1B005D9A8B /* PBXContainerItemProxy */;
		};
/* End PBXTargetDependency section */

/* Begin PBXVariantGroup section */
		3F3C57D519229C1B005D9A8B /* InfoPlist.strings */ = {
			isa = PBXVariantGroup;
			children = (
				3F3C57D619229C1B005D9A8B /* en */,
			);
			name = InfoPlist.strings;
			sourceTree = "<group>";
		};
		3F3C57EE19229C1B005D9A8B /* InfoPlist.strings */ = {
			isa = PBXVariantGroup;
			children = (
				3F3C57EF19229C1B005D9A8B /* en */,
			);
			name = InfoPlist.strings;
			sourceTree = "<group>";
		};
/* End PBXVariantGroup section */

/* Begin XCBuildConfiguration section */
		3F3C57F319229C1B005D9A8B /* Debug */ = {
			isa = XCBuildConfiguration;
			buildSettings = {
				ALWAYS_SEARCH_USER_PATHS = NO;
				CLANG_CXX_LANGUAGE_STANDARD = "gnu++0x";
				CLANG_CXX_LIBRARY = "libc++";
				CLANG_ENABLE_MODULES = YES;
				CLANG_ENABLE_OBJC_ARC = YES;
				CLANG_WARN_BOOL_CONVERSION = YES;
				CLANG_WARN_CONSTANT_CONVERSION = YES;
				CLANG_WARN_DIRECT_OBJC_ISA_USAGE = YES_ERROR;
				CLANG_WARN_EMPTY_BODY = YES;
				CLANG_WARN_ENUM_CONVERSION = YES;
				CLANG_WARN_INT_CONVERSION = YES;
				CLANG_WARN_OBJC_ROOT_CLASS = YES_ERROR;
				CLANG_WARN__DUPLICATE_METHOD_MATCH = YES;
				"CODE_SIGN_IDENTITY[sdk=iphoneos*]" = "iPhone Developer";
				COPY_PHASE_STRIP = NO;
				GCC_C_LANGUAGE_STANDARD = gnu99;
				GCC_DYNAMIC_NO_PIC = NO;
				GCC_OPTIMIZATION_LEVEL = 0;
				GCC_PREPROCESSOR_DEFINITIONS = (
					"DEBUG=1",
					"$(inherited)",
				);
				GCC_SYMBOLS_PRIVATE_EXTERN = NO;
				GCC_WARN_64_TO_32_BIT_CONVERSION = YES;
				GCC_WARN_ABOUT_RETURN_TYPE = YES_ERROR;
				GCC_WARN_UNDECLARED_SELECTOR = YES;
				GCC_WARN_UNINITIALIZED_AUTOS = YES_AGGRESSIVE;
				GCC_WARN_UNUSED_FUNCTION = YES;
				GCC_WARN_UNUSED_VARIABLE = YES;
				IPHONEOS_DEPLOYMENT_TARGET = 7.1;
				ONLY_ACTIVE_ARCH = YES;
				SDKROOT = iphoneos;
				TARGETED_DEVICE_FAMILY = "1,2";
			};
			name = Debug;
		};
		3F3C57F419229C1B005D9A8B /* Release */ = {
			isa = XCBuildConfiguration;
			buildSettings = {
				ALWAYS_SEARCH_USER_PATHS = NO;
				CLANG_CXX_LANGUAGE_STANDARD = "gnu++0x";
				CLANG_CXX_LIBRARY = "libc++";
				CLANG_ENABLE_MODULES = YES;
				CLANG_ENABLE_OBJC_ARC = YES;
				CLANG_WARN_BOOL_CONVERSION = YES;
				CLANG_WARN_CONSTANT_CONVERSION = YES;
				CLANG_WARN_DIRECT_OBJC_ISA_USAGE = YES_ERROR;
				CLANG_WARN_EMPTY_BODY = YES;
				CLANG_WARN_ENUM_CONVERSION = YES;
				CLANG_WARN_INT_CONVERSION = YES;
				CLANG_WARN_OBJC_ROOT_CLASS = YES_ERROR;
				CLANG_WARN__DUPLICATE_METHOD_MATCH = YES;
				"CODE_SIGN_IDENTITY[sdk=iphoneos*]" = "iPhone Developer";
				COPY_PHASE_STRIP = YES;
				ENABLE_NS_ASSERTIONS = NO;
				GCC_C_LANGUAGE_STANDARD = gnu99;
				GCC_WARN_64_TO_32_BIT_CONVERSION = YES;
				GCC_WARN_ABOUT_RETURN_TYPE = YES_ERROR;
				GCC_WARN_UNDECLARED_SELECTOR = YES;
				GCC_WARN_UNINITIALIZED_AUTOS = YES_AGGRESSIVE;
				GCC_WARN_UNUSED_FUNCTION = YES;
				GCC_WARN_UNUSED_VARIABLE = YES;
				IPHONEOS_DEPLOYMENT_TARGET = 7.1;
				SDKROOT = iphoneos;
				TARGETED_DEVICE_FAMILY = "1,2";
				VALIDATE_PRODUCT = YES;
			};
			name = Release;
		};
		3F3C57F619229C1B005D9A8B /* Debug */ = {
			isa = XCBuildConfiguration;
			buildSettings = {
				ASSETCATALOG_COMPILER_APPICON_NAME = AppIcon;
				ASSETCATALOG_COMPILER_LAUNCHIMAGE_NAME = LaunchImage;
				GCC_PRECOMPILE_PREFIX_HEADER = YES;
				GCC_PREFIX_HEADER = "iOS8/iOS8-Prefix.pch";
				INFOPLIST_FILE = "iOS8/iOS8-Info.plist";
				PRODUCT_NAME = "$(TARGET_NAME)";
				WRAPPER_EXTENSION = app;
			};
			name = Debug;
		};
		3F3C57F719229C1B005D9A8B /* Release */ = {
			isa = XCBuildConfiguration;
			buildSettings = {
				ASSETCATALOG_COMPILER_APPICON_NAME = AppIcon;
				ASSETCATALOG_COMPILER_LAUNCHIMAGE_NAME = LaunchImage;
				GCC_PRECOMPILE_PREFIX_HEADER = YES;
				GCC_PREFIX_HEADER = "iOS8/iOS8-Prefix.pch";
				INFOPLIST_FILE = "iOS8/iOS8-Info.plist";
				PRODUCT_NAME = "$(TARGET_NAME)";
				WRAPPER_EXTENSION = app;
			};
			name = Release;
		};
		3F3C57F919229C1B005D9A8B /* Debug */ = {
			isa = XCBuildConfiguration;
			buildSettings = {
				BUNDLE_LOADER = "$(BUILT_PRODUCTS_DIR)/iOS8.app/iOS8";
				FRAMEWORK_SEARCH_PATHS = (
					"$(SDKROOT)/Developer/Library/Frameworks",
					"$(inherited)",
					"$(DEVELOPER_FRAMEWORKS_DIR)",
				);
				GCC_PRECOMPILE_PREFIX_HEADER = YES;
				GCC_PREFIX_HEADER = "iOS8/iOS8-Prefix.pch";
				GCC_PREPROCESSOR_DEFINITIONS = (
					"DEBUG=1",
					"$(inherited)",
				);
				INFOPLIST_FILE = "iOS8Tests/iOS8Tests-Info.plist";
				PRODUCT_NAME = "$(TARGET_NAME)";
				TEST_HOST = "$(BUNDLE_LOADER)";
				WRAPPER_EXTENSION = xctest;
			};
			name = Debug;
		};
		3F3C57FA19229C1B005D9A8B /* Release */ = {
			isa = XCBuildConfiguration;
			buildSettings = {
				BUNDLE_LOADER = "$(BUILT_PRODUCTS_DIR)/iOS8.app/iOS8";
				FRAMEWORK_SEARCH_PATHS = (
					"$(SDKROOT)/Developer/Library/Frameworks",
					"$(inherited)",
					"$(DEVELOPER_FRAMEWORKS_DIR)",
				);
				GCC_PRECOMPILE_PREFIX_HEADER = YES;
				GCC_PREFIX_HEADER = "iOS8/iOS8-Prefix.pch";
				INFOPLIST_FILE = "iOS8Tests/iOS8Tests-Info.plist";
				PRODUCT_NAME = "$(TARGET_NAME)";
				TEST_HOST = "$(BUNDLE_LOADER)";
				WRAPPER_EXTENSION = xctest;
			};
			name = Release;
		};
/* End XCBuildConfiguration section */

/* Begin XCConfigurationList section */
		3F3C57C419229C1B005D9A8B /* Build configuration list for PBXProject "iOS8" */ = {
			isa = XCConfigurationList;
			buildConfigurations = (
				3F3C57F319229C1B005D9A8B /* Debug */,
				3F3C57F419229C1B005D9A8B /* Release */,
			);
			defaultConfigurationIsVisible = 0;
			defaultConfigurationName = Release;
		};
		3F3C57F519229C1B005D9A8B /* Build configuration list for PBXNativeTarget "iOS8" */ = {
			isa = XCConfigurationList;
			buildConfigurations = (
				3F3C57F619229C1B005D9A8B /* Debug */,
				3F3C57F719229C1B005D9A8B /* Release */,
			);
			defaultConfigurationIsVisible = 0;
		};
		3F3C57F819229C1B005D9A8B /* Build configuration list for PBXNativeTarget "iOS8Tests" */ = {
			isa = XCConfigurationList;
			buildConfigurations = (
				3F3C57F919229C1B005D9A8B /* Debug */,
				3F3C57FA19229C1B005D9A8B /* Release */,
			);
			defaultConfigurationIsVisible = 0;
		};
/* End XCConfigurationList section */
	};
	rootObject = 3F3C57C119229C1B005D9A8B /* Project object */;
}
